
Microsoft Visual Studio Solution File, Format Version 12.00
# Visual Studio Version 17
VisualStudioVersion = 17.14.36623.8 d17.14
MinimumVisualStudioVersion = 10.0.40219.1
Project("{FAE04EC0-301F-11D3-BF4B-00C04F79EFBC}") = "Lock2", "Lock2\Lock2.csproj", "{F661405D-689B-4834-B95C-656BC1E02E0C}"
EndProject
Global
	GlobalSection(SolutionConfigurationPlatforms) = preSolution
		Debug|Any CPU = Debug|Any CPU
		Release|Any CPU = Release|Any CPU
	EndGlobalSection
	GlobalSection(ProjectConfigurationPlatforms) = postSolution
		{F661405D-689B-4834-B95C-656BC1E02E0C}.Debug|Any CPU.ActiveCfg = Debug|Any CPU
		{F661405D-689B-4834-B95C-656BC1E02E0C}.Debug|Any CPU.Build.0 = Debug|Any CPU
		{F661405D-689B-4834-B95C-656BC1E02E0C}.Release|Any CPU.ActiveCfg = Release|Any CPU
		{F661405D-689B-4834-B95C-656BC1E02E0C}.Release|Any CPU.Build.0 = Release|Any CPU
	EndGlobalSection
	GlobalSection(SolutionProperties) = preSolution
		HideSolutionNode = FALSE
	EndGlobalSection
	GlobalSection(ExtensibilityGlobals) = postSolution
		SolutionGuid = {AC855687-7922-4B44-AA0C-1C43D7347BC2}
	EndGlobalSection
EndGlobal
