
Microsoft Visual Studio Solution File, Format Version 12.00
# Visual Studio Version 17
VisualStudioVersion = 17.14.36623.8 d17.14
MinimumVisualStudioVersion = 10.0.40219.1
Project("{FAE04EC0-301F-11D3-BF4B-00C04F79EFBC}") = "TDDCalculator", "TDDCalculator.csproj", "{F79AFC01-4016-489E-BAB0-5AD5EE3BCD3E}"
EndProject
Global
	GlobalSection(SolutionConfigurationPlatforms) = preSolution
		Debug|Any CPU = Debug|Any CPU
		Release|Any CPU = Release|Any CPU
	EndGlobalSection
	GlobalSection(ProjectConfigurationPlatforms) = postSolution
		{F79AFC01-4016-489E-BAB0-5AD5EE3BCD3E}.Debug|Any CPU.ActiveCfg = Debug|Any CPU
		{F79AFC01-4016-489E-BAB0-5AD5EE3BCD3E}.Debug|Any CPU.Build.0 = Debug|Any CPU
		{F79AFC01-4016-489E-BAB0-5AD5EE3BCD3E}.Release|Any CPU.ActiveCfg = Release|Any CPU
		{F79AFC01-4016-489E-BAB0-5AD5EE3BCD3E}.Release|Any CPU.Build.0 = Release|Any CPU
	EndGlobalSection
	GlobalSection(SolutionProperties) = preSolution
		HideSolutionNode = FALSE
	EndGlobalSection
	GlobalSection(ExtensibilityGlobals) = postSolution
		SolutionGuid = {663801D8-7F9A-4A9A-A54F-CBAB9C8C383F}
	EndGlobalSection
EndGlobal
