
Microsoft Visual Studio Solution File, Format Version 12.00
# Visual Studio Version 17
VisualStudioVersion = 17.14.36623.8 d17.14
MinimumVisualStudioVersion = 10.0.40219.1
Project("{FAE04EC0-301F-11D3-BF4B-00C04F79EFBC}") = "PractiseGeneric", "PractiseGeneric\PractiseGeneric.csproj", "{15C60C0D-8418-407F-A38E-18F3F39A0C98}"
EndProject
Global
	GlobalSection(SolutionConfigurationPlatforms) = preSolution
		Debug|Any CPU = Debug|Any CPU
		Release|Any CPU = Release|Any CPU
	EndGlobalSection
	GlobalSection(ProjectConfigurationPlatforms) = postSolution
		{15C60C0D-8418-407F-A38E-18F3F39A0C98}.Debug|Any CPU.ActiveCfg = Debug|Any CPU
		{15C60C0D-8418-407F-A38E-18F3F39A0C98}.Debug|Any CPU.Build.0 = Debug|Any CPU
		{15C60C0D-8418-407F-A38E-18F3F39A0C98}.Release|Any CPU.ActiveCfg = Release|Any CPU
		{15C60C0D-8418-407F-A38E-18F3F39A0C98}.Release|Any CPU.Build.0 = Release|Any CPU
	EndGlobalSection
	GlobalSection(SolutionProperties) = preSolution
		HideSolutionNode = FALSE
	EndGlobalSection
	GlobalSection(ExtensibilityGlobals) = postSolution
		SolutionGuid = {3AA8AD84-2099-4269-9A24-4EB45F57B6EC}
	EndGlobalSection
EndGlobal
