
Microsoft Visual Studio Solution File, Format Version 12.00
# Visual Studio Version 17
VisualStudioVersion = 17.14.36623.8 d17.14
MinimumVisualStudioVersion = 10.0.40219.1
Project("{FAE04EC0-301F-11D3-BF4B-00C04F79EFBC}") = "PractiseAsync1", "PractiseAsync1\PractiseAsync1.csproj", "{CF4182AC-0F00-44A6-BEDB-A516EC228E99}"
EndProject
Global
	GlobalSection(SolutionConfigurationPlatforms) = preSolution
		Debug|Any CPU = Debug|Any CPU
		Release|Any CPU = Release|Any CPU
	EndGlobalSection
	GlobalSection(ProjectConfigurationPlatforms) = postSolution
		{CF4182AC-0F00-44A6-BEDB-A516EC228E99}.Debug|Any CPU.ActiveCfg = Debug|Any CPU
		{CF4182AC-0F00-44A6-BEDB-A516EC228E99}.Debug|Any CPU.Build.0 = Debug|Any CPU
		{CF4182AC-0F00-44A6-BEDB-A516EC228E99}.Release|Any CPU.ActiveCfg = Release|Any CPU
		{CF4182AC-0F00-44A6-BEDB-A516EC228E99}.Release|Any CPU.Build.0 = Release|Any CPU
	EndGlobalSection
	GlobalSection(SolutionProperties) = preSolution
		HideSolutionNode = FALSE
	EndGlobalSection
	GlobalSection(ExtensibilityGlobals) = postSolution
		SolutionGuid = {3FFFB0D3-F065-4BD0-AF55-99BBAEEA3C51}
	EndGlobalSection
EndGlobal
