
Microsoft Visual Studio Solution File, Format Version 12.00
# Visual Studio Version 17
VisualStudioVersion = 17.14.36623.8 d17.14
MinimumVisualStudioVersion = 10.0.40219.1
Project("{FAE04EC0-301F-11D3-BF4B-00C04F79EFBC}") = "Task_81", "Task_81\Task_81.csproj", "{5D756C4A-5D68-49EB-B4AD-D522C23D66CA}"
EndProject
Global
	GlobalSection(SolutionConfigurationPlatforms) = preSolution
		Debug|Any CPU = Debug|Any CPU
		Release|Any CPU = Release|Any CPU
	EndGlobalSection
	GlobalSection(ProjectConfigurationPlatforms) = postSolution
		{5D756C4A-5D68-49EB-B4AD-D522C23D66CA}.Debug|Any CPU.ActiveCfg = Debug|Any CPU
		{5D756C4A-5D68-49EB-B4AD-D522C23D66CA}.Debug|Any CPU.Build.0 = Debug|Any CPU
		{5D756C4A-5D68-49EB-B4AD-D522C23D66CA}.Release|Any CPU.ActiveCfg = Release|Any CPU
		{5D756C4A-5D68-49EB-B4AD-D522C23D66CA}.Release|Any CPU.Build.0 = Release|Any CPU
	EndGlobalSection
	GlobalSection(SolutionProperties) = preSolution
		HideSolutionNode = FALSE
	EndGlobalSection
	GlobalSection(ExtensibilityGlobals) = postSolution
		SolutionGuid = {A7DD5E88-3660-4066-8CC7-D118BDE086AC}
	EndGlobalSection
EndGlobal
