
Microsoft Visual Studio Solution File, Format Version 12.00
# Visual Studio Version 17
VisualStudioVersion = 17.14.36623.8 d17.14
MinimumVisualStudioVersion = 10.0.40219.1
Project("{FAE04EC0-301F-11D3-BF4B-00C04F79EFBC}") = "Array", "Array\Array.csproj", "{8CF9AF1F-CABB-4AC7-A538-B4B06D48DDD2}"
EndProject
Global
	GlobalSection(SolutionConfigurationPlatforms) = preSolution
		Debug|Any CPU = Debug|Any CPU
		Release|Any CPU = Release|Any CPU
	EndGlobalSection
	GlobalSection(ProjectConfigurationPlatforms) = postSolution
		{8CF9AF1F-CABB-4AC7-A538-B4B06D48DDD2}.Debug|Any CPU.ActiveCfg = Debug|Any CPU
		{8CF9AF1F-CABB-4AC7-A538-B4B06D48DDD2}.Debug|Any CPU.Build.0 = Debug|Any CPU
		{8CF9AF1F-CABB-4AC7-A538-B4B06D48DDD2}.Release|Any CPU.ActiveCfg = Release|Any CPU
		{8CF9AF1F-CABB-4AC7-A538-B4B06D48DDD2}.Release|Any CPU.Build.0 = Release|Any CPU
	EndGlobalSection
	GlobalSection(SolutionProperties) = preSolution
		HideSolutionNode = FALSE
	EndGlobalSection
	GlobalSection(ExtensibilityGlobals) = postSolution
		SolutionGuid = {39A7AB41-36DA-4121-B7EC-B153EA7E8CF4}
	EndGlobalSection
EndGlobal
