
Microsoft Visual Studio Solution File, Format Version 12.00
# Visual Studio Version 17
VisualStudioVersion = 17.14.36623.8 d17.14
MinimumVisualStudioVersion = 10.0.40219.1
Project("{FAE04EC0-301F-11D3-BF4B-00C04F79EFBC}") = "PractiseAnonymus", "PractiseAnonymus\PractiseAnonymus.csproj", "{448179ED-F27A-4EDD-953B-79774B55FC48}"
EndProject
Global
	GlobalSection(SolutionConfigurationPlatforms) = preSolution
		Debug|Any CPU = Debug|Any CPU
		Release|Any CPU = Release|Any CPU
	EndGlobalSection
	GlobalSection(ProjectConfigurationPlatforms) = postSolution
		{448179ED-F27A-4EDD-953B-79774B55FC48}.Debug|Any CPU.ActiveCfg = Debug|Any CPU
		{448179ED-F27A-4EDD-953B-79774B55FC48}.Debug|Any CPU.Build.0 = Debug|Any CPU
		{448179ED-F27A-4EDD-953B-79774B55FC48}.Release|Any CPU.ActiveCfg = Release|Any CPU
		{448179ED-F27A-4EDD-953B-79774B55FC48}.Release|Any CPU.Build.0 = Release|Any CPU
	EndGlobalSection
	GlobalSection(SolutionProperties) = preSolution
		HideSolutionNode = FALSE
	EndGlobalSection
	GlobalSection(ExtensibilityGlobals) = postSolution
		SolutionGuid = {EC5DA393-6675-4B6B-A519-8156A3C30024}
	EndGlobalSection
EndGlobal
