
Microsoft Visual Studio Solution File, Format Version 12.00
# Visual Studio Version 17
VisualStudioVersion = 17.14.36623.8 d17.14
MinimumVisualStudioVersion = 10.0.40219.1
Project("{FAE04EC0-301F-11D3-BF4B-00C04F79EFBC}") = "daily_Practise_15jan", "daily_Practise_15jan\daily_Practise_15jan.csproj", "{367CC087-3D62-40A8-9881-7BE5981CEAFE}"
EndProject
Global
	GlobalSection(SolutionConfigurationPlatforms) = preSolution
		Debug|Any CPU = Debug|Any CPU
		Release|Any CPU = Release|Any CPU
	EndGlobalSection
	GlobalSection(ProjectConfigurationPlatforms) = postSolution
		{367CC087-3D62-40A8-9881-7BE5981CEAFE}.Debug|Any CPU.ActiveCfg = Debug|Any CPU
		{367CC087-3D62-40A8-9881-7BE5981CEAFE}.Debug|Any CPU.Build.0 = Debug|Any CPU
		{367CC087-3D62-40A8-9881-7BE5981CEAFE}.Release|Any CPU.ActiveCfg = Release|Any CPU
		{367CC087-3D62-40A8-9881-7BE5981CEAFE}.Release|Any CPU.Build.0 = Release|Any CPU
	EndGlobalSection
	GlobalSection(SolutionProperties) = preSolution
		HideSolutionNode = FALSE
	EndGlobalSection
	GlobalSection(ExtensibilityGlobals) = postSolution
		SolutionGuid = {240211B8-1260-48BF-AD11-B3509A8CCC36}
	EndGlobalSection
EndGlobal
