
Microsoft Visual Studio Solution File, Format Version 12.00
# Visual Studio Version 17
VisualStudioVersion = 17.14.36623.8 d17.14
MinimumVisualStudioVersion = 10.0.40219.1
Project("{FAE04EC0-301F-11D3-BF4B-00C04F79EFBC}") = "Task_72", "Task_72\Task_72.csproj", "{B7FC7532-2DA7-4490-A2F6-74A543B2BCEA}"
EndProject
Global
	GlobalSection(SolutionConfigurationPlatforms) = preSolution
		Debug|Any CPU = Debug|Any CPU
		Release|Any CPU = Release|Any CPU
	EndGlobalSection
	GlobalSection(ProjectConfigurationPlatforms) = postSolution
		{B7FC7532-2DA7-4490-A2F6-74A543B2BCEA}.Debug|Any CPU.ActiveCfg = Debug|Any CPU
		{B7FC7532-2DA7-4490-A2F6-74A543B2BCEA}.Debug|Any CPU.Build.0 = Debug|Any CPU
		{B7FC7532-2DA7-4490-A2F6-74A543B2BCEA}.Release|Any CPU.ActiveCfg = Release|Any CPU
		{B7FC7532-2DA7-4490-A2F6-74A543B2BCEA}.Release|Any CPU.Build.0 = Release|Any CPU
	EndGlobalSection
	GlobalSection(SolutionProperties) = preSolution
		HideSolutionNode = FALSE
	EndGlobalSection
	GlobalSection(ExtensibilityGlobals) = postSolution
		SolutionGuid = {679B9EA1-283A-4CB6-A217-AA8BA88A881B}
	EndGlobalSection
EndGlobal
