
Microsoft Visual Studio Solution File, Format Version 12.00
# Visual Studio Version 17
VisualStudioVersion = 17.14.36623.8 d17.14
MinimumVisualStudioVersion = 10.0.40219.1
Project("{FAE04EC0-301F-11D3-BF4B-00C04F79EFBC}") = "Task_Linq", "Task_Linq\Task_Linq.csproj", "{31B67C39-126E-494B-A343-9B474521F66A}"
EndProject
Global
	GlobalSection(SolutionConfigurationPlatforms) = preSolution
		Debug|Any CPU = Debug|Any CPU
		Release|Any CPU = Release|Any CPU
	EndGlobalSection
	GlobalSection(ProjectConfigurationPlatforms) = postSolution
		{31B67C39-126E-494B-A343-9B474521F66A}.Debug|Any CPU.ActiveCfg = Debug|Any CPU
		{31B67C39-126E-494B-A343-9B474521F66A}.Debug|Any CPU.Build.0 = Debug|Any CPU
		{31B67C39-126E-494B-A343-9B474521F66A}.Release|Any CPU.ActiveCfg = Release|Any CPU
		{31B67C39-126E-494B-A343-9B474521F66A}.Release|Any CPU.Build.0 = Release|Any CPU
	EndGlobalSection
	GlobalSection(SolutionProperties) = preSolution
		HideSolutionNode = FALSE
	EndGlobalSection
	GlobalSection(ExtensibilityGlobals) = postSolution
		SolutionGuid = {445C6D59-5DBB-4036-81A6-5AF3E614B18E}
	EndGlobalSection
EndGlobal
