
Microsoft Visual Studio Solution File, Format Version 12.00
# Visual Studio Version 17
VisualStudioVersion = 17.14.36623.8 d17.14
MinimumVisualStudioVersion = 10.0.40219.1
Project("{FAE04EC0-301F-11D3-BF4B-00C04F79EFBC}") = "Swap", "Swap\Swap.csproj", "{E246C89A-7A50-418E-A30C-A116DDAF2AD8}"
EndProject
Global
	GlobalSection(SolutionConfigurationPlatforms) = preSolution
		Debug|Any CPU = Debug|Any CPU
		Release|Any CPU = Release|Any CPU
	EndGlobalSection
	GlobalSection(ProjectConfigurationPlatforms) = postSolution
		{E246C89A-7A50-418E-A30C-A116DDAF2AD8}.Debug|Any CPU.ActiveCfg = Debug|Any CPU
		{E246C89A-7A50-418E-A30C-A116DDAF2AD8}.Debug|Any CPU.Build.0 = Debug|Any CPU
		{E246C89A-7A50-418E-A30C-A116DDAF2AD8}.Release|Any CPU.ActiveCfg = Release|Any CPU
		{E246C89A-7A50-418E-A30C-A116DDAF2AD8}.Release|Any CPU.Build.0 = Release|Any CPU
	EndGlobalSection
	GlobalSection(SolutionProperties) = preSolution
		HideSolutionNode = FALSE
	EndGlobalSection
	GlobalSection(ExtensibilityGlobals) = postSolution
		SolutionGuid = {E0477728-5C9C-4B48-A7D0-F6C8F73AADEF}
	EndGlobalSection
EndGlobal
