
Microsoft Visual Studio Solution File, Format Version 12.00
# Visual Studio Version 17
VisualStudioVersion = 17.14.36623.8 d17.14
MinimumVisualStudioVersion = 10.0.40219.1
Project("{FAE04EC0-301F-11D3-BF4B-00C04F79EFBC}") = "ExampleDelegate", "ExampleDelegate\ExampleDelegate.csproj", "{69FB2ACD-6AC0-4609-AE4B-D3A8FAA97353}"
EndProject
Global
	GlobalSection(SolutionConfigurationPlatforms) = preSolution
		Debug|Any CPU = Debug|Any CPU
		Release|Any CPU = Release|Any CPU
	EndGlobalSection
	GlobalSection(ProjectConfigurationPlatforms) = postSolution
		{69FB2ACD-6AC0-4609-AE4B-D3A8FAA97353}.Debug|Any CPU.ActiveCfg = Debug|Any CPU
		{69FB2ACD-6AC0-4609-AE4B-D3A8FAA97353}.Debug|Any CPU.Build.0 = Debug|Any CPU
		{69FB2ACD-6AC0-4609-AE4B-D3A8FAA97353}.Release|Any CPU.ActiveCfg = Release|Any CPU
		{69FB2ACD-6AC0-4609-AE4B-D3A8FAA97353}.Release|Any CPU.Build.0 = Release|Any CPU
	EndGlobalSection
	GlobalSection(SolutionProperties) = preSolution
		HideSolutionNode = FALSE
	EndGlobalSection
	GlobalSection(ExtensibilityGlobals) = postSolution
		SolutionGuid = {AAFAD7CC-4508-4907-9EE5-A937A6B3A778}
	EndGlobalSection
EndGlobal
