
Microsoft Visual Studio Solution File, Format Version 12.00
# Visual Studio Version 17
VisualStudioVersion = 17.14.36623.8 d17.14
MinimumVisualStudioVersion = 10.0.40219.1
Project("{FAE04EC0-301F-11D3-BF4B-00C04F79EFBC}") = "property", "property\property.csproj", "{AF702C0E-07B4-4E79-843B-5BBA9DB20639}"
EndProject
Global
	GlobalSection(SolutionConfigurationPlatforms) = preSolution
		Debug|Any CPU = Debug|Any CPU
		Release|Any CPU = Release|Any CPU
	EndGlobalSection
	GlobalSection(ProjectConfigurationPlatforms) = postSolution
		{AF702C0E-07B4-4E79-843B-5BBA9DB20639}.Debug|Any CPU.ActiveCfg = Debug|Any CPU
		{AF702C0E-07B4-4E79-843B-5BBA9DB20639}.Debug|Any CPU.Build.0 = Debug|Any CPU
		{AF702C0E-07B4-4E79-843B-5BBA9DB20639}.Release|Any CPU.ActiveCfg = Release|Any CPU
		{AF702C0E-07B4-4E79-843B-5BBA9DB20639}.Release|Any CPU.Build.0 = Release|Any CPU
	EndGlobalSection
	GlobalSection(SolutionProperties) = preSolution
		HideSolutionNode = FALSE
	EndGlobalSection
	GlobalSection(ExtensibilityGlobals) = postSolution
		SolutionGuid = {F654C3BD-4E36-4D00-9A8E-2F831199E60B}
	EndGlobalSection
EndGlobal
