
Microsoft Visual Studio Solution File, Format Version 12.00
# Visual Studio Version 17
VisualStudioVersion = 17.14.36623.8 d17.14
MinimumVisualStudioVersion = 10.0.40219.1
Project("{FAE04EC0-301F-11D3-BF4B-00C04F79EFBC}") = "Selenium_TDD_7Apr", "Selenium_TDD_7Apr\Selenium_TDD_7Apr.csproj", "{E27CE67A-2C9F-4035-A1B6-312333A3D0FF}"
EndProject
Global
	GlobalSection(SolutionConfigurationPlatforms) = preSolution
		Debug|Any CPU = Debug|Any CPU
		Release|Any CPU = Release|Any CPU
	EndGlobalSection
	GlobalSection(ProjectConfigurationPlatforms) = postSolution
		{E27CE67A-2C9F-4035-A1B6-312333A3D0FF}.Debug|Any CPU.ActiveCfg = Debug|Any CPU
		{E27CE67A-2C9F-4035-A1B6-312333A3D0FF}.Debug|Any CPU.Build.0 = Debug|Any CPU
		{E27CE67A-2C9F-4035-A1B6-312333A3D0FF}.Release|Any CPU.ActiveCfg = Release|Any CPU
		{E27CE67A-2C9F-4035-A1B6-312333A3D0FF}.Release|Any CPU.Build.0 = Release|Any CPU
	EndGlobalSection
	GlobalSection(SolutionProperties) = preSolution
		HideSolutionNode = FALSE
	EndGlobalSection
	GlobalSection(ExtensibilityGlobals) = postSolution
		SolutionGuid = {0865A476-C1F0-4CE2-8F59-63CEC84199BE}
	EndGlobalSection
EndGlobal
