
Microsoft Visual Studio Solution File, Format Version 12.00
# Visual Studio Version 17
VisualStudioVersion = 17.14.36623.8 d17.14
MinimumVisualStudioVersion = 10.0.40219.1
Project("{FAE04EC0-301F-11D3-BF4B-00C04F79EFBC}") = "Lambdatouple", "Lambdatouple\Lambdatouple.csproj", "{BBFB7826-5546-4670-8A6C-FED60BF2BAD3}"
EndProject
Global
	GlobalSection(SolutionConfigurationPlatforms) = preSolution
		Debug|Any CPU = Debug|Any CPU
		Release|Any CPU = Release|Any CPU
	EndGlobalSection
	GlobalSection(ProjectConfigurationPlatforms) = postSolution
		{BBFB7826-5546-4670-8A6C-FED60BF2BAD3}.Debug|Any CPU.ActiveCfg = Debug|Any CPU
		{BBFB7826-5546-4670-8A6C-FED60BF2BAD3}.Debug|Any CPU.Build.0 = Debug|Any CPU
		{BBFB7826-5546-4670-8A6C-FED60BF2BAD3}.Release|Any CPU.ActiveCfg = Release|Any CPU
		{BBFB7826-5546-4670-8A6C-FED60BF2BAD3}.Release|Any CPU.Build.0 = Release|Any CPU
	EndGlobalSection
	GlobalSection(SolutionProperties) = preSolution
		HideSolutionNode = FALSE
	EndGlobalSection
	GlobalSection(ExtensibilityGlobals) = postSolution
		SolutionGuid = {A4DB99D5-E578-4407-9BEE-CD06F2A344FD}
	EndGlobalSection
EndGlobal
