
Microsoft Visual Studio Solution File, Format Version 12.00
# Visual Studio Version 17
VisualStudioVersion = 17.14.36623.8 d17.14
MinimumVisualStudioVersion = 10.0.40219.1
Project("{FAE04EC0-301F-11D3-BF4B-00C04F79EFBC}") = "Touple", "Touple\Touple.csproj", "{13848C45-7379-493D-9BA7-46A1A91FD135}"
EndProject
Global
	GlobalSection(SolutionConfigurationPlatforms) = preSolution
		Debug|Any CPU = Debug|Any CPU
		Release|Any CPU = Release|Any CPU
	EndGlobalSection
	GlobalSection(ProjectConfigurationPlatforms) = postSolution
		{13848C45-7379-493D-9BA7-46A1A91FD135}.Debug|Any CPU.ActiveCfg = Debug|Any CPU
		{13848C45-7379-493D-9BA7-46A1A91FD135}.Debug|Any CPU.Build.0 = Debug|Any CPU
		{13848C45-7379-493D-9BA7-46A1A91FD135}.Release|Any CPU.ActiveCfg = Release|Any CPU
		{13848C45-7379-493D-9BA7-46A1A91FD135}.Release|Any CPU.Build.0 = Release|Any CPU
	EndGlobalSection
	GlobalSection(SolutionProperties) = preSolution
		HideSolutionNode = FALSE
	EndGlobalSection
	GlobalSection(ExtensibilityGlobals) = postSolution
		SolutionGuid = {CB2AC9ED-6A2F-4CF7-876E-954F4B3D03F6}
	EndGlobalSection
EndGlobal
