
Microsoft Visual Studio Solution File, Format Version 12.00
# Visual Studio Version 17
VisualStudioVersion = 17.14.36623.8 d17.14
MinimumVisualStudioVersion = 10.0.40219.1
Project("{FAE04EC0-301F-11D3-BF4B-00C04F79EFBC}") = "Tuple1", "Tuple1\Tuple1.csproj", "{8B24E7E3-FE60-4FDF-B10C-BF601D3D9934}"
EndProject
Global
	GlobalSection(SolutionConfigurationPlatforms) = preSolution
		Debug|Any CPU = Debug|Any CPU
		Release|Any CPU = Release|Any CPU
	EndGlobalSection
	GlobalSection(ProjectConfigurationPlatforms) = postSolution
		{8B24E7E3-FE60-4FDF-B10C-BF601D3D9934}.Debug|Any CPU.ActiveCfg = Debug|Any CPU
		{8B24E7E3-FE60-4FDF-B10C-BF601D3D9934}.Debug|Any CPU.Build.0 = Debug|Any CPU
		{8B24E7E3-FE60-4FDF-B10C-BF601D3D9934}.Release|Any CPU.ActiveCfg = Release|Any CPU
		{8B24E7E3-FE60-4FDF-B10C-BF601D3D9934}.Release|Any CPU.Build.0 = Release|Any CPU
	EndGlobalSection
	GlobalSection(SolutionProperties) = preSolution
		HideSolutionNode = FALSE
	EndGlobalSection
	GlobalSection(ExtensibilityGlobals) = postSolution
		SolutionGuid = {656FD9F9-3F02-4434-AE64-140F960D58A3}
	EndGlobalSection
EndGlobal
