
Microsoft Visual Studio Solution File, Format Version 12.00
# Visual Studio Version 17
VisualStudioVersion = 17.14.36623.8 d17.14
MinimumVisualStudioVersion = 10.0.40219.1
Project("{FAE04EC0-301F-11D3-BF4B-00C04F79EFBC}") = "Linqpractise2", "Linqpractise2\Linqpractise2.csproj", "{0F7155EE-794E-4F75-A353-114DF8A2154A}"
EndProject
Global
	GlobalSection(SolutionConfigurationPlatforms) = preSolution
		Debug|Any CPU = Debug|Any CPU
		Release|Any CPU = Release|Any CPU
	EndGlobalSection
	GlobalSection(ProjectConfigurationPlatforms) = postSolution
		{0F7155EE-794E-4F75-A353-114DF8A2154A}.Debug|Any CPU.ActiveCfg = Debug|Any CPU
		{0F7155EE-794E-4F75-A353-114DF8A2154A}.Debug|Any CPU.Build.0 = Debug|Any CPU
		{0F7155EE-794E-4F75-A353-114DF8A2154A}.Release|Any CPU.ActiveCfg = Release|Any CPU
		{0F7155EE-794E-4F75-A353-114DF8A2154A}.Release|Any CPU.Build.0 = Release|Any CPU
	EndGlobalSection
	GlobalSection(SolutionProperties) = preSolution
		HideSolutionNode = FALSE
	EndGlobalSection
	GlobalSection(ExtensibilityGlobals) = postSolution
		SolutionGuid = {949573ED-2DCB-4CF1-A2E3-E78DD9233FF9}
	EndGlobalSection
EndGlobal
