
Microsoft Visual Studio Solution File, Format Version 12.00
# Visual Studio Version 17
VisualStudioVersion = 17.14.36623.8 d17.14
MinimumVisualStudioVersion = 10.0.40219.1
Project("{FAE04EC0-301F-11D3-BF4B-00C04F79EFBC}") = "BDD_Specflow", "BDD_Specflow\BDD_Specflow.csproj", "{8CBC417D-4637-4860-B4F9-A34A7ECA516D}"
EndProject
Global
	GlobalSection(SolutionConfigurationPlatforms) = preSolution
		Debug|Any CPU = Debug|Any CPU
		Release|Any CPU = Release|Any CPU
	EndGlobalSection
	GlobalSection(ProjectConfigurationPlatforms) = postSolution
		{8CBC417D-4637-4860-B4F9-A34A7ECA516D}.Debug|Any CPU.ActiveCfg = Debug|Any CPU
		{8CBC417D-4637-4860-B4F9-A34A7ECA516D}.Debug|Any CPU.Build.0 = Debug|Any CPU
		{8CBC417D-4637-4860-B4F9-A34A7ECA516D}.Release|Any CPU.ActiveCfg = Release|Any CPU
		{8CBC417D-4637-4860-B4F9-A34A7ECA516D}.Release|Any CPU.Build.0 = Release|Any CPU
	EndGlobalSection
	GlobalSection(SolutionProperties) = preSolution
		HideSolutionNode = FALSE
	EndGlobalSection
	GlobalSection(ExtensibilityGlobals) = postSolution
		SolutionGuid = {8EC68B24-0D6F-4DC9-86B9-C3C6B3A27353}
	EndGlobalSection
EndGlobal
